
Microsoft Visual Studio Solution File, Format Version 12.00
# Visual Studio Version 16
VisualStudioVersion = 16.0.31613.86
MinimumVisualStudioVersion = 10.0.40219.1
Project("{FAE04EC0-301F-11D3-BF4B-00C04F79EFBC}") = "Egor_Months", "Egor_Months\Egor_Months.csproj", "{38FB9444-3626-447B-8F6A-8F5D3BB6B128}"
EndProject
Global
	GlobalSection(SolutionConfigurationPlatforms) = preSolution
		Debug|Any CPU = Debug|Any CPU
		Release|Any CPU = Release|Any CPU
	EndGlobalSection
	GlobalSection(ProjectConfigurationPlatforms) = postSolution
		{38FB9444-3626-447B-8F6A-8F5D3BB6B128}.Debug|Any CPU.ActiveCfg = Debug|Any CPU
		{38FB9444-3626-447B-8F6A-8F5D3BB6B128}.Debug|Any CPU.Build.0 = Debug|Any CPU
		{38FB9444-3626-447B-8F6A-8F5D3BB6B128}.Release|Any CPU.ActiveCfg = Release|Any CPU
		{38FB9444-3626-447B-8F6A-8F5D3BB6B128}.Release|Any CPU.Build.0 = Release|Any CPU
	EndGlobalSection
	GlobalSection(SolutionProperties) = preSolution
		HideSolutionNode = FALSE
	EndGlobalSection
	GlobalSection(ExtensibilityGlobals) = postSolution
		SolutionGuid = {21A487C6-B6D8-44CA-B2C9-6FDF53646EB0}
	EndGlobalSection
EndGlobal
